
Microsoft Visual Studio Solution File, Format Version 12.00
# Visual Studio 14
VisualStudioVersion = 14.0.25420.1
MinimumVisualStudioVersion = 10.0.40219.1
Project("{8BC9CEB8-8B4A-11D0-8D11-00A0C91BC942}") = "VOC2YOLOConverter", "VOC2YOLOConverter\VOC2YOLOConverter.vcxproj", "{B37A2957-2E2E-49F9-9F71-960703270ADE}"
EndProject
Project("{8BC9CEB8-8B4A-11D0-8D11-00A0C91BC942}") = "MRLabeler", "MRLabeler\MRLabeler.vcxproj", "{4ACA5ADA-B469-4DB0-848C-4C5E9EC549E8}"
EndProject
Project("{8BC9CEB8-8B4A-11D0-8D11-00A0C91BC942}") = "DataGenerator", "DataGenerator\DataGenerator.vcxproj", "{C6F68579-108C-4922-BD74-9E4D63974BA0}"
EndProject
Project("{888888A0-9F3D-457C-B088-3A5042F75D52}") = "AnnoUtil", "AnnoUtil\AnnoUtil.pyproj", "{05723B22-BD45-499C-8016-DEC0777ADD7C}"
EndProject
Project("{8BC9CEB8-8B4A-11D0-8D11-00A0C91BC942}") = "MRFaceLabeler", "MRFacelabeler\MRFaceLabeler.vcxproj", "{309D2DFC-9DDA-4EE0-A066-5B09B15EA19E}"
EndProject
Global
	GlobalSection(SolutionConfigurationPlatforms) = preSolution
		Debug|Any CPU = Debug|Any CPU
		Debug|Mixed Platforms = Debug|Mixed Platforms
		Debug|Win32 = Debug|Win32
		Debug|x64 = Debug|x64
		Release|Any CPU = Release|Any CPU
		Release|Mixed Platforms = Release|Mixed Platforms
		Release|Win32 = Release|Win32
		Release|x64 = Release|x64
	EndGlobalSection
	GlobalSection(ProjectConfigurationPlatforms) = postSolution
		{B37A2957-2E2E-49F9-9F71-960703270ADE}.Debug|Any CPU.ActiveCfg = Debug|Win32
		{B37A2957-2E2E-49F9-9F71-960703270ADE}.Debug|Mixed Platforms.ActiveCfg = Debug|Win32
		{B37A2957-2E2E-49F9-9F71-960703270ADE}.Debug|Mixed Platforms.Build.0 = Debug|Win32
		{B37A2957-2E2E-49F9-9F71-960703270ADE}.Debug|Win32.ActiveCfg = Debug|Win32
		{B37A2957-2E2E-49F9-9F71-960703270ADE}.Debug|Win32.Build.0 = Debug|Win32
		{B37A2957-2E2E-49F9-9F71-960703270ADE}.Debug|x64.ActiveCfg = Debug|x64
		{B37A2957-2E2E-49F9-9F71-960703270ADE}.Debug|x64.Build.0 = Debug|x64
		{B37A2957-2E2E-49F9-9F71-960703270ADE}.Release|Any CPU.ActiveCfg = Release|Win32
		{B37A2957-2E2E-49F9-9F71-960703270ADE}.Release|Mixed Platforms.ActiveCfg = Release|Win32
		{B37A2957-2E2E-49F9-9F71-960703270ADE}.Release|Mixed Platforms.Build.0 = Release|Win32
		{B37A2957-2E2E-49F9-9F71-960703270ADE}.Release|Win32.ActiveCfg = Release|Win32
		{B37A2957-2E2E-49F9-9F71-960703270ADE}.Release|x64.ActiveCfg = Release|x64
		{B37A2957-2E2E-49F9-9F71-960703270ADE}.Release|x64.Build.0 = Release|x64
		{4ACA5ADA-B469-4DB0-848C-4C5E9EC549E8}.Debug|Any CPU.ActiveCfg = Debug|Win32
		{4ACA5ADA-B469-4DB0-848C-4C5E9EC549E8}.Debug|Mixed Platforms.ActiveCfg = Debug|Win32
		{4ACA5ADA-B469-4DB0-848C-4C5E9EC549E8}.Debug|Mixed Platforms.Build.0 = Debug|Win32
		{4ACA5ADA-B469-4DB0-848C-4C5E9EC549E8}.Debug|Win32.ActiveCfg = Debug|Win32
		{4ACA5ADA-B469-4DB0-848C-4C5E9EC549E8}.Debug|Win32.Build.0 = Debug|Win32
		{4ACA5ADA-B469-4DB0-848C-4C5E9EC549E8}.Debug|x64.ActiveCfg = Debug|x64
		{4ACA5ADA-B469-4DB0-848C-4C5E9EC549E8}.Debug|x64.Build.0 = Debug|x64
		{4ACA5ADA-B469-4DB0-848C-4C5E9EC549E8}.Release|Any CPU.ActiveCfg = Release|Win32
		{4ACA5ADA-B469-4DB0-848C-4C5E9EC549E8}.Release|Mixed Platforms.ActiveCfg = Release|Win32
		{4ACA5ADA-B469-4DB0-848C-4C5E9EC549E8}.Release|Mixed Platforms.Build.0 = Release|Win32
		{4ACA5ADA-B469-4DB0-848C-4C5E9EC549E8}.Release|Win32.ActiveCfg = Release|Win32
		{4ACA5ADA-B469-4DB0-848C-4C5E9EC549E8}.Release|x64.ActiveCfg = Release|x64
		{4ACA5ADA-B469-4DB0-848C-4C5E9EC549E8}.Release|x64.Build.0 = Release|x64
		{C6F68579-108C-4922-BD74-9E4D63974BA0}.Debug|Any CPU.ActiveCfg = Debug|Win32
		{C6F68579-108C-4922-BD74-9E4D63974BA0}.Debug|Mixed Platforms.ActiveCfg = Debug|Win32
		{C6F68579-108C-4922-BD74-9E4D63974BA0}.Debug|Mixed Platforms.Build.0 = Debug|Win32
		{C6F68579-108C-4922-BD74-9E4D63974BA0}.Debug|Win32.ActiveCfg = Debug|Win32
		{C6F68579-108C-4922-BD74-9E4D63974BA0}.Debug|Win32.Build.0 = Debug|Win32
		{C6F68579-108C-4922-BD74-9E4D63974BA0}.Debug|x64.ActiveCfg = Debug|x64
		{C6F68579-108C-4922-BD74-9E4D63974BA0}.Debug|x64.Build.0 = Debug|x64
		{C6F68579-108C-4922-BD74-9E4D63974BA0}.Release|Any CPU.ActiveCfg = Release|Win32
		{C6F68579-108C-4922-BD74-9E4D63974BA0}.Release|Mixed Platforms.ActiveCfg = Release|Win32
		{C6F68579-108C-4922-BD74-9E4D63974BA0}.Release|Mixed Platforms.Build.0 = Release|Win32
		{C6F68579-108C-4922-BD74-9E4D63974BA0}.Release|Win32.ActiveCfg = Release|Win32
		{C6F68579-108C-4922-BD74-9E4D63974BA0}.Release|x64.ActiveCfg = Release|x64
		{C6F68579-108C-4922-BD74-9E4D63974BA0}.Release|x64.Build.0 = Release|x64
		{05723B22-BD45-499C-8016-DEC0777ADD7C}.Debug|Any CPU.ActiveCfg = Debug|Any CPU
		{05723B22-BD45-499C-8016-DEC0777ADD7C}.Debug|Mixed Platforms.ActiveCfg = Debug|Any CPU
		{05723B22-BD45-499C-8016-DEC0777ADD7C}.Debug|Win32.ActiveCfg = Debug|Any CPU
		{05723B22-BD45-499C-8016-DEC0777ADD7C}.Debug|x64.ActiveCfg = Debug|Any CPU
		{05723B22-BD45-499C-8016-DEC0777ADD7C}.Release|Any CPU.ActiveCfg = Release|Any CPU
		{05723B22-BD45-499C-8016-DEC0777ADD7C}.Release|Mixed Platforms.ActiveCfg = Release|Any CPU
		{05723B22-BD45-499C-8016-DEC0777ADD7C}.Release|Win32.ActiveCfg = Release|Any CPU
		{05723B22-BD45-499C-8016-DEC0777ADD7C}.Release|x64.ActiveCfg = Release|Any CPU
		{309D2DFC-9DDA-4EE0-A066-5B09B15EA19E}.Debug|Any CPU.ActiveCfg = Debug|Win32
		{309D2DFC-9DDA-4EE0-A066-5B09B15EA19E}.Debug|Mixed Platforms.ActiveCfg = Debug|Win32
		{309D2DFC-9DDA-4EE0-A066-5B09B15EA19E}.Debug|Mixed Platforms.Build.0 = Debug|Win32
		{309D2DFC-9DDA-4EE0-A066-5B09B15EA19E}.Debug|Win32.ActiveCfg = Debug|Win32
		{309D2DFC-9DDA-4EE0-A066-5B09B15EA19E}.Debug|Win32.Build.0 = Debug|Win32
		{309D2DFC-9DDA-4EE0-A066-5B09B15EA19E}.Debug|x64.ActiveCfg = Debug|x64
		{309D2DFC-9DDA-4EE0-A066-5B09B15EA19E}.Debug|x64.Build.0 = Debug|x64
		{309D2DFC-9DDA-4EE0-A066-5B09B15EA19E}.Release|Any CPU.ActiveCfg = Release|Win32
		{309D2DFC-9DDA-4EE0-A066-5B09B15EA19E}.Release|Mixed Platforms.ActiveCfg = Release|Win32
		{309D2DFC-9DDA-4EE0-A066-5B09B15EA19E}.Release|Mixed Platforms.Build.0 = Release|Win32
		{309D2DFC-9DDA-4EE0-A066-5B09B15EA19E}.Release|Win32.ActiveCfg = Release|Win32
		{309D2DFC-9DDA-4EE0-A066-5B09B15EA19E}.Release|Win32.Build.0 = Release|Win32
		{309D2DFC-9DDA-4EE0-A066-5B09B15EA19E}.Release|x64.ActiveCfg = Release|x64
		{309D2DFC-9DDA-4EE0-A066-5B09B15EA19E}.Release|x64.Build.0 = Release|x64
	EndGlobalSection
	GlobalSection(SolutionProperties) = preSolution
		HideSolutionNode = FALSE
	EndGlobalSection
EndGlobal
